// !$*UTF8*$!
{
	archiveVersion = 1;
	classes = {
	};
	objectVersion = 46;
	objects = {

/* Begin PBXBuildFile section */
		37D302011D2319BA0081740E /* AppDelegate.swift in Sources */ = {isa = PBXBuildFile; fileRef = 37D302001D2319BA0081740E /* AppDelegate.swift */; };
		37D302031D2319BA0081740E /* MainController.swift in Sources */ = {isa = PBXBuildFile; fileRef = 37D302021D2319BA0081740E /* MainController.swift */; };
		37D302061D2319BA0081740E /* Main.storyboard in Resources */ = {isa = PBXBuildFile; fileRef = 37D302041D2319BA0081740E /* Main.storyboard */; };
		37D302081D2319BA0081740E /* Assets.xcassets in Resources */ = {isa = PBXBuildFile; fileRef = 37D302071D2319BA0081740E /* Assets.xcassets */; };
		37D3020B1D2319BA0081740E /* LaunchScreen.storyboard in Resources */ = {isa = PBXBuildFile; fileRef = 37D302091D2319BA0081740E /* LaunchScreen.storyboard */; };
/* End PBXBuildFile section */

/* Begin PBXFileReference section */
		37D301FD1D2319BA0081740E /* TestAssig2.app */ = {isa = PBXFileReference; explicitFileType = wrapper.application; includeInIndex = 0; path = TestAssig2.app; sourceTree = BUILT_PRODUCTS_DIR; };
		37D302001D2319BA0081740E /* AppDelegate.swift */ = {isa = PBXFileReference; lastKnownFileType = sourcecode.swift; path = AppDelegate.swift; sourceTree = "<group>"; };
		37D302021D2319BA0081740E /* MainController.swift */ = {isa = PBXFileReference; lastKnownFileType = sourcecode.swift; path = MainController.swift; sourceTree = "<group>"; };
		37D302051D2319BA0081740E /* Base */ = {isa = PBXFileReference; lastKnownFileType = file.storyboard; name = Base; path = Base.lproj/Main.storyboard; sourceTree = "<group>"; };
		37D302071D2319BA0081740E /* Assets.xcassets */ = {isa = PBXFileReference; lastKnownFileType = folder.assetcatalog; path = Assets.xcassets; sourceTree = "<group>"; };
		37D3020A1D2319BA0081740E /* Base */ = {isa = PBXFileReference; lastKnownFileType = file.storyboard; name = Base; path = Base.lproj/LaunchScreen.storyboard; sourceTree = "<group>"; };
		37D3020C1D2319BA0081740E /* Info.plist */ = {isa = PBXFileReference; lastKnownFileType = text.plist.xml; path = Info.plist; sourceTree = "<group>"; };
/* End PBXFileReference section */

/* Begin PBXFrameworksBuildPhase section */
		37D301FA1D2319BA0081740E /* Frameworks */ = {
			isa = PBXFrameworksBuildPhase;
			buildActionMask = 2147483647;
			files = (
			);
			runOnlyForDeploymentPostprocessing = 0;
		};
/* End PBXFrameworksBuildPhase section */

/* Begin PBXGroup section */
		37D301F41D2319BA0081740E = {
			isa = PBXGroup;
			children = (
				37D301FF1D2319BA0081740E /* TestAssig2 */,
				37D301FE1D2319BA0081740E /* Products */,
			);
			sourceTree = "<group>";
		};
		37D301FE1D2319BA0081740E /* Products */ = {
			isa = PBXGroup;
			children = (
				37D301FD1D2319BA0081740E /* TestAssig2.app */,
			);
			name = Products;
			sourceTree = "<group>";
		};
		37D301FF1D2319BA0081740E /* TestAssig2 */ = {
			isa = PBXGroup;
			children = (
				37D302001D2319BA0081740E /* AppDelegate.swift */,
				37D302021D2319BA0081740E /* MainController.swift */,
				37D302041D2319BA0081740E /* Main.storyboard */,
				37D302071D2319BA0081740E /* Assets.xcassets */,
				37D302091D2319BA0081740E /* LaunchScreen.storyboard */,
				37D3020C1D2319BA0081740E /* Info.plist */,
			);
			path = TestAssig2;
			sourceTree = "<group>";
		};
/* End PBXGroup section */

/* Begin PBXNativeTarget section */
		37D301FC1D2319BA0081740E /* TestAssig2 */ = {
			isa = PBXNativeTarget;
			buildConfigurationList = 37D3020F1D2319BA0081740E /* Build configuration list for PBXNativeTarget "TestAssig2" */;
			buildPhases = (
				37D301F91D2319BA0081740E /* Sources */,
				37D301FA1D2319BA0081740E /* Frameworks */,
				37D301FB1D2319BA0081740E /* Resources */,
			);
			buildRules = (
			);
			dependencies = (
			);
			name = TestAssig2;
			productName = TestAssig2;
			productReference = 37D301FD1D2319BA0081740E /* TestAssig2.app */;
			productType = "com.apple.product-type.application";
		};
/* End PBXNativeTarget section */

/* Begin PBXProject section */
		37D301F51D2319BA0081740E /* Project object */ = {
			isa = PBXProject;
			attributes = {
				LastSwiftUpdateCheck = 0730;
				LastUpgradeCheck = 0730;
				ORGANIZATIONNAME = "Neil Patel";
				TargetAttributes = {
					37D301FC1D2319BA0081740E = {
						CreatedOnToolsVersion = 7.3.1;
					};
				};
			};
			buildConfigurationList = 37D301F81D2319BA0081740E /* Build configuration list for PBXProject "TestAssig2" */;
			compatibilityVersion = "Xcode 3.2";
			developmentRegion = English;
			hasScannedForEncodings = 0;
			knownRegions = (
				en,
				Base,
			);
			mainGroup = 37D301F41D2319BA0081740E;
			productRefGroup = 37D301FE1D2319BA0081740E /* Products */;
			projectDirPath = "";
			projectRoot = "";
			targets = (
				37D301FC1D2319BA0081740E /* TestAssig2 */,
			);
		};
/* End PBXProject section */

/* Begin PBXResourcesBuildPhase section */
		37D301FB1D2319BA0081740E /* Resources */ = {
			isa = PBXResourcesBuildPhase;
			buildActionMask = 2147483647;
			files = (
				37D3020B1D2319BA0081740E /* LaunchScreen.storyboard in Resources */,
				37D302081D2319BA0081740E /* Assets.xcassets in Resources */,
				37D302061D2319BA0081740E /* Main.storyboard in Resources */,
			);
			runOnlyForDeploymentPostprocessing = 0;
		};
/* End PBXResourcesBuildPhase section */

/* Begin PBXSourcesBuildPhase section */
		37D301F91D2319BA0081740E /* Sources */ = {
			isa = PBXSourcesBuildPhase;
			buildActionMask = 2147483647;
			files = (
				37D302031D2319BA0081740E /* MainController.swift in Sources */,
				37D302011D2319BA0081740E /* AppDelegate.swift in Sources */,
			);
			runOnlyForDeploymentPostprocessing = 0;
		};
/* End PBXSourcesBuildPhase section */

/* Begin PBXVariantGroup section */
		37D302041D2319BA0081740E /* Main.storyboard */ = {
			isa = PBXVariantGroup;
			children = (
				37D302051D2319BA0081740E /* Base */,
			);
			name = Main.storyboard;
			sourceTree = "<group>";
		};
		37D302091D2319BA0081740E /* LaunchScreen.storyboard */ = {
			isa = PBXVariantGroup;
			children = (
				37D3020A1D2319BA0081740E /* Base */,
			);
			name = LaunchScreen.storyboard;
			sourceTree = "<group>";
		};
/* End PBXVariantGroup section */

/* Begin XCBuildConfiguration section */
		37D3020D1D2319BA0081740E /* Debug */ = {
			isa = XCBuildConfiguration;
			buildSettings = {
				ALWAYS_SEARCH_USER_PATHS = NO;
				CLANG_ANALYZER_NONNULL = YES;
				CLANG_CXX_LANGUAGE_STANDARD = "gnu++0x";
				CLANG_CXX_LIBRARY = "libc++";
				CLANG_ENABLE_MODULES = YES;
				CLANG_ENABLE_OBJC_ARC = YES;
				CLANG_WARN_BOOL_CONVERSION = YES;
				CLANG_WARN_CONSTANT_CONVERSION = YES;
				CLANG_WARN_DIRECT_OBJC_ISA_USAGE = YES_ERROR;
				CLANG_WARN_EMPTY_BODY = YES;
				CLANG_WARN_ENUM_CONVERSION = YES;
				CLANG_WARN_INT_CONVERSION = YES;
				CLANG_WARN_OBJC_ROOT_CLASS = YES_ERROR;
				CLANG_WARN_UNREACHABLE_CODE = YES;
				CLANG_WARN__DUPLICATE_METHOD_MATCH = YES;
				"CODE_SIGN_IDENTITY[sdk=iphoneos*]" = "iPhone Developer";
				COPY_PHASE_STRIP = NO;
				DEBUG_INFORMATION_FORMAT = dwarf;
				ENABLE_STRICT_OBJC_MSGSEND = YES;
				ENABLE_TESTABILITY = YES;
				GCC_C_LANGUAGE_STANDARD = gnu99;
				GCC_DYNAMIC_NO_PIC = NO;
				GCC_NO_COMMON_BLOCKS = YES;
				GCC_OPTIMIZATION_LEVEL = 0;
				GCC_PREPROCESSOR_DEFINITIONS = (
					"DEBUG=1",
					"$(inherited)",
				);
				GCC_WARN_64_TO_32_BIT_CONVERSION = YES;
				GCC_WARN_ABOUT_RETURN_TYPE = YES_ERROR;
				GCC_WARN_UNDECLARED_SELECTOR = YES;
				GCC_WARN_UNINITIALIZED_AUTOS = YES_AGGRESSIVE;
				GCC_WARN_UNUSED_FUNCTION = YES;
				GCC_WARN_UNUSED_VARIABLE = YES;
				IPHONEOS_DEPLOYMENT_TARGET = 9.3;
				MTL_ENABLE_DEBUG_INFO = YES;
				ONLY_ACTIVE_ARCH = YES;
				SDKROOT = iphoneos;
				SWIFT_OPTIMIZATION_LEVEL = "-Onone";
				TARGETED_DEVICE_FAMILY = "1,2";
			};
			name = Debug;
		};
		37D3020E1D2319BA0081740E /* Release */ = {
			isa = XCBuildConfiguration;
			buildSettings = {
				ALWAYS_SEARCH_USER_PATHS = NO;
				CLANG_ANALYZER_NONNULL = YES;
				CLANG_CXX_LANGUAGE_STANDARD = "gnu++0x";
				CLANG_CXX_LIBRARY = "libc++";
				CLANG_ENABLE_MODULES = YES;
				CLANG_ENABLE_OBJC_ARC = YES;
				CLANG_WARN_BOOL_CONVERSION = YES;
				CLANG_WARN_CONSTANT_CONVERSION = YES;
				CLANG_WARN_DIRECT_OBJC_ISA_USAGE = YES_ERROR;
				CLANG_WARN_EMPTY_BODY = YES;
				CLANG_WARN_ENUM_CONVERSION = YES;
				CLANG_WARN_INT_CONVERSION = YES;
				CLANG_WARN_OBJC_ROOT_CLASS = YES_ERROR;
				CLANG_WARN_UNREACHABLE_CODE = YES;
				CLANG_WARN__DUPLICATE_METHOD_MATCH = YES;
				"CODE_SIGN_IDENTITY[sdk=iphoneos*]" = "iPhone Developer";
				COPY_PHASE_STRIP = NO;
				DEBUG_INFORMATION_FORMAT = "dwarf-with-dsym";
				ENABLE_NS_ASSERTIONS = NO;
				ENABLE_STRICT_OBJC_MSGSEND = YES;
				GCC_C_LANGUAGE_STANDARD = gnu99;
				GCC_NO_COMMON_BLOCKS = YES;
				GCC_WARN_64_TO_32_BIT_CONVERSION = YES;
				GCC_WARN_ABOUT_RETURN_TYPE = YES_ERROR;
				GCC_WARN_UNDECLARED_SELECTOR = YES;
				GCC_WARN_UNINITIALIZED_AUTOS = YES_AGGRESSIVE;
				GCC_WARN_UNUSED_FUNCTION = YES;
				GCC_WARN_UNUSED_VARIABLE = YES;
				IPHONEOS_DEPLOYMENT_TARGET = 9.3;
				MTL_ENABLE_DEBUG_INFO = NO;
				SDKROOT = iphoneos;
				TARGETED_DEVICE_FAMILY = "1,2";
				VALIDATE_PRODUCT = YES;
			};
			name = Release;
		};
		37D302101D2319BA0081740E /* Debug */ = {
			isa = XCBuildConfiguration;
			buildSettings = {
				ASSETCATALOG_COMPILER_APPICON_NAME = AppIcon;
				INFOPLIST_FILE = TestAssig2/Info.plist;
				LD_RUNPATH_SEARCH_PATHS = "$(inherited) @executable_path/Frameworks";
				PRODUCT_BUNDLE_IDENTIFIER = harvard.s65g.TestAssig2;
				PRODUCT_NAME = "$(TARGET_NAME)";
			};
			name = Debug;
		};
		37D302111D2319BA0081740E /* Release */ = {
			isa = XCBuildConfiguration;
			buildSettings = {
				ASSETCATALOG_COMPILER_APPICON_NAME = AppIcon;
				INFOPLIST_FILE = TestAssig2/Info.plist;
				LD_RUNPATH_SEARCH_PATHS = "$(inherited) @executable_path/Frameworks";
				PRODUCT_BUNDLE_IDENTIFIER = harvard.s65g.TestAssig2;
				PRODUCT_NAME = "$(TARGET_NAME)";
			};
			name = Release;
		};
/* End XCBuildConfiguration section */

/* Begin XCConfigurationList section */
		37D301F81D2319BA0081740E /* Build configuration list for PBXProject "TestAssig2" */ = {
			isa = XCConfigurationList;
			buildConfigurations = (
				37D3020D1D2319BA0081740E /* Debug */,
				37D3020E1D2319BA0081740E /* Release */,
			);
			defaultConfigurationIsVisible = 0;
			defaultConfigurationName = Release;
		};
		37D3020F1D2319BA0081740E /* Build configuration list for PBXNativeTarget "TestAssig2" */ = {
			isa = XCConfigurationList;
			buildConfigurations = (
				37D302101D2319BA0081740E /* Debug */,
				37D302111D2319BA0081740E /* Release */,
			);
			defaultConfigurationIsVisible = 0;
			defaultConfigurationName = Release;
		};
/* End XCConfigurationList section */
	};
	rootObject = 37D301F51D2319BA0081740E /* Project object */;
}
