// !$*UTF8*$!
{
	archiveVersion = 1;
	classes = {
	};
	objectVersion = 46;
	objects = {

/* Begin PBXBuildFile section */
		3785DCBA1D1B1D5D00A08BC0 /* AppDelegate.swift in Sources */ = {isa = PBXBuildFile; fileRef = 3785DCB91D1B1D5D00A08BC0 /* AppDelegate.swift */; };
		3785DCBC1D1B1D5D00A08BC0 /* ViewController.swift in Sources */ = {isa = PBXBuildFile; fileRef = 3785DCBB1D1B1D5D00A08BC0 /* ViewController.swift */; };
		3785DCBF1D1B1D5D00A08BC0 /* Main.storyboard in Resources */ = {isa = PBXBuildFile; fileRef = 3785DCBD1D1B1D5D00A08BC0 /* Main.storyboard */; };
		3785DCC11D1B1D5D00A08BC0 /* Assets.xcassets in Resources */ = {isa = PBXBuildFile; fileRef = 3785DCC01D1B1D5D00A08BC0 /* Assets.xcassets */; };
		3785DCC41D1B1D5D00A08BC0 /* LaunchScreen.storyboard in Resources */ = {isa = PBXBuildFile; fileRef = 3785DCC21D1B1D5D00A08BC0 /* LaunchScreen.storyboard */; };
/* End PBXBuildFile section */

/* Begin PBXFileReference section */
		3785DCB61D1B1D5D00A08BC0 /* Class2.app */ = {isa = PBXFileReference; explicitFileType = wrapper.application; includeInIndex = 0; path = Class2.app; sourceTree = BUILT_PRODUCTS_DIR; };
		3785DCB91D1B1D5D00A08BC0 /* AppDelegate.swift */ = {isa = PBXFileReference; lastKnownFileType = sourcecode.swift; path = AppDelegate.swift; sourceTree = "<group>"; };
		3785DCBB1D1B1D5D00A08BC0 /* ViewController.swift */ = {isa = PBXFileReference; lastKnownFileType = sourcecode.swift; path = ViewController.swift; sourceTree = "<group>"; };
		3785DCBE1D1B1D5D00A08BC0 /* Base */ = {isa = PBXFileReference; lastKnownFileType = file.storyboard; name = Base; path = Base.lproj/Main.storyboard; sourceTree = "<group>"; };
		3785DCC01D1B1D5D00A08BC0 /* Assets.xcassets */ = {isa = PBXFileReference; lastKnownFileType = folder.assetcatalog; path = Assets.xcassets; sourceTree = "<group>"; };
		3785DCC31D1B1D5D00A08BC0 /* Base */ = {isa = PBXFileReference; lastKnownFileType = file.storyboard; name = Base; path = Base.lproj/LaunchScreen.storyboard; sourceTree = "<group>"; };
		3785DCC51D1B1D5D00A08BC0 /* Info.plist */ = {isa = PBXFileReference; lastKnownFileType = text.plist.xml; path = Info.plist; sourceTree = "<group>"; };
/* End PBXFileReference section */

/* Begin PBXFrameworksBuildPhase section */
		3785DCB31D1B1D5D00A08BC0 /* Frameworks */ = {
			isa = PBXFrameworksBuildPhase;
			buildActionMask = 2147483647;
			files = (
			);
			runOnlyForDeploymentPostprocessing = 0;
		};
/* End PBXFrameworksBuildPhase section */

/* Begin PBXGroup section */
		3785DCAD1D1B1D5D00A08BC0 = {
			isa = PBXGroup;
			children = (
				3785DCB81D1B1D5D00A08BC0 /* Class2 */,
				3785DCB71D1B1D5D00A08BC0 /* Products */,
			);
			sourceTree = "<group>";
		};
		3785DCB71D1B1D5D00A08BC0 /* Products */ = {
			isa = PBXGroup;
			children = (
				3785DCB61D1B1D5D00A08BC0 /* Class2.app */,
			);
			name = Products;
			sourceTree = "<group>";
		};
		3785DCB81D1B1D5D00A08BC0 /* Class2 */ = {
			isa = PBXGroup;
			children = (
				3785DCB91D1B1D5D00A08BC0 /* AppDelegate.swift */,
				3785DCBB1D1B1D5D00A08BC0 /* ViewController.swift */,
				3785DCBD1D1B1D5D00A08BC0 /* Main.storyboard */,
				3785DCC01D1B1D5D00A08BC0 /* Assets.xcassets */,
				3785DCC21D1B1D5D00A08BC0 /* LaunchScreen.storyboard */,
				3785DCC51D1B1D5D00A08BC0 /* Info.plist */,
			);
			path = Class2;
			sourceTree = "<group>";
		};
/* End PBXGroup section */

/* Begin PBXNativeTarget section */
		3785DCB51D1B1D5D00A08BC0 /* Class2 */ = {
			isa = PBXNativeTarget;
			buildConfigurationList = 3785DCC81D1B1D5D00A08BC0 /* Build configuration list for PBXNativeTarget "Class2" */;
			buildPhases = (
				3785DCB21D1B1D5D00A08BC0 /* Sources */,
				3785DCB31D1B1D5D00A08BC0 /* Frameworks */,
				3785DCB41D1B1D5D00A08BC0 /* Resources */,
			);
			buildRules = (
			);
			dependencies = (
			);
			name = Class2;
			productName = Class2;
			productReference = 3785DCB61D1B1D5D00A08BC0 /* Class2.app */;
			productType = "com.apple.product-type.application";
		};
/* End PBXNativeTarget section */

/* Begin PBXProject section */
		3785DCAE1D1B1D5D00A08BC0 /* Project object */ = {
			isa = PBXProject;
			attributes = {
				LastSwiftUpdateCheck = 0730;
				LastUpgradeCheck = 0730;
				ORGANIZATIONNAME = "Neil Patel";
				TargetAttributes = {
					3785DCB51D1B1D5D00A08BC0 = {
						CreatedOnToolsVersion = 7.3.1;
					};
				};
			};
			buildConfigurationList = 3785DCB11D1B1D5D00A08BC0 /* Build configuration list for PBXProject "Class2" */;
			compatibilityVersion = "Xcode 3.2";
			developmentRegion = English;
			hasScannedForEncodings = 0;
			knownRegions = (
				en,
				Base,
			);
			mainGroup = 3785DCAD1D1B1D5D00A08BC0;
			productRefGroup = 3785DCB71D1B1D5D00A08BC0 /* Products */;
			projectDirPath = "";
			projectRoot = "";
			targets = (
				3785DCB51D1B1D5D00A08BC0 /* Class2 */,
			);
		};
/* End PBXProject section */

/* Begin PBXResourcesBuildPhase section */
		3785DCB41D1B1D5D00A08BC0 /* Resources */ = {
			isa = PBXResourcesBuildPhase;
			buildActionMask = 2147483647;
			files = (
				3785DCC41D1B1D5D00A08BC0 /* LaunchScreen.storyboard in Resources */,
				3785DCC11D1B1D5D00A08BC0 /* Assets.xcassets in Resources */,
				3785DCBF1D1B1D5D00A08BC0 /* Main.storyboard in Resources */,
			);
			runOnlyForDeploymentPostprocessing = 0;
		};
/* End PBXResourcesBuildPhase section */

/* Begin PBXSourcesBuildPhase section */
		3785DCB21D1B1D5D00A08BC0 /* Sources */ = {
			isa = PBXSourcesBuildPhase;
			buildActionMask = 2147483647;
			files = (
				3785DCBC1D1B1D5D00A08BC0 /* ViewController.swift in Sources */,
				3785DCBA1D1B1D5D00A08BC0 /* AppDelegate.swift in Sources */,
			);
			runOnlyForDeploymentPostprocessing = 0;
		};
/* End PBXSourcesBuildPhase section */

/* Begin PBXVariantGroup section */
		3785DCBD1D1B1D5D00A08BC0 /* Main.storyboard */ = {
			isa = PBXVariantGroup;
			children = (
				3785DCBE1D1B1D5D00A08BC0 /* Base */,
			);
			name = Main.storyboard;
			sourceTree = "<group>";
		};
		3785DCC21D1B1D5D00A08BC0 /* LaunchScreen.storyboard */ = {
			isa = PBXVariantGroup;
			children = (
				3785DCC31D1B1D5D00A08BC0 /* Base */,
			);
			name = LaunchScreen.storyboard;
			sourceTree = "<group>";
		};
/* End PBXVariantGroup section */

/* Begin XCBuildConfiguration section */
		3785DCC61D1B1D5D00A08BC0 /* Debug */ = {
			isa = XCBuildConfiguration;
			buildSettings = {
				ALWAYS_SEARCH_USER_PATHS = NO;
				CLANG_ANALYZER_NONNULL = YES;
				CLANG_CXX_LANGUAGE_STANDARD = "gnu++0x";
				CLANG_CXX_LIBRARY = "libc++";
				CLANG_ENABLE_MODULES = YES;
				CLANG_ENABLE_OBJC_ARC = YES;
				CLANG_WARN_BOOL_CONVERSION = YES;
				CLANG_WARN_CONSTANT_CONVERSION = YES;
				CLANG_WARN_DIRECT_OBJC_ISA_USAGE = YES_ERROR;
				CLANG_WARN_EMPTY_BODY = YES;
				CLANG_WARN_ENUM_CONVERSION = YES;
				CLANG_WARN_INT_CONVERSION = YES;
				CLANG_WARN_OBJC_ROOT_CLASS = YES_ERROR;
				CLANG_WARN_UNREACHABLE_CODE = YES;
				CLANG_WARN__DUPLICATE_METHOD_MATCH = YES;
				"CODE_SIGN_IDENTITY[sdk=iphoneos*]" = "iPhone Developer";
				COPY_PHASE_STRIP = NO;
				DEBUG_INFORMATION_FORMAT = dwarf;
				ENABLE_STRICT_OBJC_MSGSEND = YES;
				ENABLE_TESTABILITY = YES;
				GCC_C_LANGUAGE_STANDARD = gnu99;
				GCC_DYNAMIC_NO_PIC = NO;
				GCC_NO_COMMON_BLOCKS = YES;
				GCC_OPTIMIZATION_LEVEL = 0;
				GCC_PREPROCESSOR_DEFINITIONS = (
					"DEBUG=1",
					"$(inherited)",
				);
				GCC_WARN_64_TO_32_BIT_CONVERSION = YES;
				GCC_WARN_ABOUT_RETURN_TYPE = YES_ERROR;
				GCC_WARN_UNDECLARED_SELECTOR = YES;
				GCC_WARN_UNINITIALIZED_AUTOS = YES_AGGRESSIVE;
				GCC_WARN_UNUSED_FUNCTION = YES;
				GCC_WARN_UNUSED_VARIABLE = YES;
				IPHONEOS_DEPLOYMENT_TARGET = 9.3;
				MTL_ENABLE_DEBUG_INFO = YES;
				ONLY_ACTIVE_ARCH = YES;
				SDKROOT = iphoneos;
				SWIFT_OPTIMIZATION_LEVEL = "-Onone";
				TARGETED_DEVICE_FAMILY = "1,2";
			};
			name = Debug;
		};
		3785DCC71D1B1D5D00A08BC0 /* Release */ = {
			isa = XCBuildConfiguration;
			buildSettings = {
				ALWAYS_SEARCH_USER_PATHS = NO;
				CLANG_ANALYZER_NONNULL = YES;
				CLANG_CXX_LANGUAGE_STANDARD = "gnu++0x";
				CLANG_CXX_LIBRARY = "libc++";
				CLANG_ENABLE_MODULES = YES;
				CLANG_ENABLE_OBJC_ARC = YES;
				CLANG_WARN_BOOL_CONVERSION = YES;
				CLANG_WARN_CONSTANT_CONVERSION = YES;
				CLANG_WARN_DIRECT_OBJC_ISA_USAGE = YES_ERROR;
				CLANG_WARN_EMPTY_BODY = YES;
				CLANG_WARN_ENUM_CONVERSION = YES;
				CLANG_WARN_INT_CONVERSION = YES;
				CLANG_WARN_OBJC_ROOT_CLASS = YES_ERROR;
				CLANG_WARN_UNREACHABLE_CODE = YES;
				CLANG_WARN__DUPLICATE_METHOD_MATCH = YES;
				"CODE_SIGN_IDENTITY[sdk=iphoneos*]" = "iPhone Developer";
				COPY_PHASE_STRIP = NO;
				DEBUG_INFORMATION_FORMAT = "dwarf-with-dsym";
				ENABLE_NS_ASSERTIONS = NO;
				ENABLE_STRICT_OBJC_MSGSEND = YES;
				GCC_C_LANGUAGE_STANDARD = gnu99;
				GCC_NO_COMMON_BLOCKS = YES;
				GCC_WARN_64_TO_32_BIT_CONVERSION = YES;
				GCC_WARN_ABOUT_RETURN_TYPE = YES_ERROR;
				GCC_WARN_UNDECLARED_SELECTOR = YES;
				GCC_WARN_UNINITIALIZED_AUTOS = YES_AGGRESSIVE;
				GCC_WARN_UNUSED_FUNCTION = YES;
				GCC_WARN_UNUSED_VARIABLE = YES;
				IPHONEOS_DEPLOYMENT_TARGET = 9.3;
				MTL_ENABLE_DEBUG_INFO = NO;
				SDKROOT = iphoneos;
				TARGETED_DEVICE_FAMILY = "1,2";
				VALIDATE_PRODUCT = YES;
			};
			name = Release;
		};
		3785DCC91D1B1D5D00A08BC0 /* Debug */ = {
			isa = XCBuildConfiguration;
			buildSettings = {
				ASSETCATALOG_COMPILER_APPICON_NAME = AppIcon;
				INFOPLIST_FILE = Class2/Info.plist;
				LD_RUNPATH_SEARCH_PATHS = "$(inherited) @executable_path/Frameworks";
				PRODUCT_BUNDLE_IDENTIFIER = harvard.s65g.Class2;
				PRODUCT_NAME = "$(TARGET_NAME)";
			};
			name = Debug;
		};
		3785DCCA1D1B1D5D00A08BC0 /* Release */ = {
			isa = XCBuildConfiguration;
			buildSettings = {
				ASSETCATALOG_COMPILER_APPICON_NAME = AppIcon;
				INFOPLIST_FILE = Class2/Info.plist;
				LD_RUNPATH_SEARCH_PATHS = "$(inherited) @executable_path/Frameworks";
				PRODUCT_BUNDLE_IDENTIFIER = harvard.s65g.Class2;
				PRODUCT_NAME = "$(TARGET_NAME)";
			};
			name = Release;
		};
/* End XCBuildConfiguration section */

/* Begin XCConfigurationList section */
		3785DCB11D1B1D5D00A08BC0 /* Build configuration list for PBXProject "Class2" */ = {
			isa = XCConfigurationList;
			buildConfigurations = (
				3785DCC61D1B1D5D00A08BC0 /* Debug */,
				3785DCC71D1B1D5D00A08BC0 /* Release */,
			);
			defaultConfigurationIsVisible = 0;
			defaultConfigurationName = Release;
		};
		3785DCC81D1B1D5D00A08BC0 /* Build configuration list for PBXNativeTarget "Class2" */ = {
			isa = XCConfigurationList;
			buildConfigurations = (
				3785DCC91D1B1D5D00A08BC0 /* Debug */,
				3785DCCA1D1B1D5D00A08BC0 /* Release */,
			);
			defaultConfigurationIsVisible = 0;
		};
/* End XCConfigurationList section */
	};
	rootObject = 3785DCAE1D1B1D5D00A08BC0 /* Project object */;
}
